// !$*UTF8*$!
{
	archiveVersion = 1;
	classes = {
	};
	objectVersion = 56;
	objects = {

/* Begin PBXBuildFile section */
		7E7D0398296CD0D700950592 /* MainApp.swift in Sources */ = {isa = PBXBuildFile; fileRef = 7E7D0397296CD0D700950592 /* MainApp.swift */; };
		7E7D039A296CD0D700950592 /* Persistence.swift in Sources */ = {isa = PBXBuildFile; fileRef = 7E7D0399296CD0D700950592 /* Persistence.swift */; };
		7E7D039D296CD0D700950592 /* gpt_chatbot.xcdatamodeld in Sources */ = {isa = PBXBuildFile; fileRef = 7E7D039B296CD0D700950592 /* gpt_chatbot.xcdatamodeld */; };
		7E7D03A1296CD0D800950592 /* Assets.xcassets in Resources */ = {isa = PBXBuildFile; fileRef = 7E7D03A0296CD0D800950592 /* Assets.xcassets */; };
		7E7D03A5296CD0D800950592 /* Preview Assets.xcassets in Resources */ = {isa = PBXBuildFile; fileRef = 7E7D03A4296CD0D800950592 /* Preview Assets.xcassets */; };
		7E7D03B0296CD18D00950592 /* Constants.swift in Sources */ = {isa = PBXBuildFile; fileRef = 7E7D03AF296CD18D00950592 /* Constants.swift */; };
		7E7D03B2296CD20A00950592 /* MainView.swift in Sources */ = {isa = PBXBuildFile; fileRef = 7E7D03B1296CD20A00950592 /* MainView.swift */; };
		7E7D03B4296CD23300950592 /* AppDelegate.swift in Sources */ = {isa = PBXBuildFile; fileRef = 7E7D03B3296CD23300950592 /* AppDelegate.swift */; };
		7E7D03B6296CD2C600950592 /* Header.swift in Sources */ = {isa = PBXBuildFile; fileRef = 7E7D03B5296CD2C600950592 /* Header.swift */; };
		7E7D03B8296CD2D900950592 /* ApiKeyInputField.swift in Sources */ = {isa = PBXBuildFile; fileRef = 7E7D03B7296CD2D900950592 /* ApiKeyInputField.swift */; };
		7E7D03BA296CD2EA00950592 /* QuestionInputField.swift in Sources */ = {isa = PBXBuildFile; fileRef = 7E7D03B9296CD2EA00950592 /* QuestionInputField.swift */; };
		7E7D03BC296CD2FD00950592 /* MessageArea.swift in Sources */ = {isa = PBXBuildFile; fileRef = 7E7D03BB296CD2FD00950592 /* MessageArea.swift */; };
		7E7D03C3296CD38400950592 /* MessageEntity+CoreDataClass.swift in Sources */ = {isa = PBXBuildFile; fileRef = 7E7D03C1296CD38400950592 /* MessageEntity+CoreDataClass.swift */; };
		7E7D03C4296CD38400950592 /* MessageEntity+CoreDataProperties.swift in Sources */ = {isa = PBXBuildFile; fileRef = 7E7D03C2296CD38400950592 /* MessageEntity+CoreDataProperties.swift */; };
		7E7D03C6296CD3A000950592 /* SenderType.swift in Sources */ = {isa = PBXBuildFile; fileRef = 7E7D03C5296CD3A000950592 /* SenderType.swift */; };
		7E7D03C8296CD43500950592 /* ApiKeyViewModel.swift in Sources */ = {isa = PBXBuildFile; fileRef = 7E7D03C7296CD43500950592 /* ApiKeyViewModel.swift */; };
		7E7D03CB296CD45800950592 /* OpenAiService.swift in Sources */ = {isa = PBXBuildFile; fileRef = 7E7D03CA296CD45800950592 /* OpenAiService.swift */; };
		7E7D03CD296CD48F00950592 /* ApiKeyModel.swift in Sources */ = {isa = PBXBuildFile; fileRef = 7E7D03CC296CD48F00950592 /* ApiKeyModel.swift */; };
		7E7D03CF296CD4FA00950592 /* MessageViewModel.swift in Sources */ = {isa = PBXBuildFile; fileRef = 7E7D03CE296CD4FA00950592 /* MessageViewModel.swift */; };
		7E7D03D1296CD52700950592 /* MessageModel.swift in Sources */ = {isa = PBXBuildFile; fileRef = 7E7D03D0296CD52700950592 /* MessageModel.swift */; };
		7E7D03D3296CFA8900950592 /* NSTextView+Extension.swift in Sources */ = {isa = PBXBuildFile; fileRef = 7E7D03D2296CFA8900950592 /* NSTextView+Extension.swift */; };
		7E7D03D7296D038B00950592 /* .swift-version in Resources */ = {isa = PBXBuildFile; fileRef = 7E7D03D6296D038B00950592 /* .swift-version */; };
/* End PBXBuildFile section */

/* Begin PBXFileReference section */
		7E7D0394296CD0D700950592 /* gpt-chatbot.app */ = {isa = PBXFileReference; explicitFileType = wrapper.application; includeInIndex = 0; path = "gpt-chatbot.app"; sourceTree = BUILT_PRODUCTS_DIR; };
		7E7D0397296CD0D700950592 /* MainApp.swift */ = {isa = PBXFileReference; lastKnownFileType = sourcecode.swift; path = MainApp.swift; sourceTree = "<group>"; };
		7E7D0399296CD0D700950592 /* Persistence.swift */ = {isa = PBXFileReference; lastKnownFileType = sourcecode.swift; path = Persistence.swift; sourceTree = "<group>"; };
		7E7D039C296CD0D700950592 /* gpt_chatbot.xcdatamodel */ = {isa = PBXFileReference; lastKnownFileType = wrapper.xcdatamodel; path = gpt_chatbot.xcdatamodel; sourceTree = "<group>"; };
		7E7D03A0296CD0D800950592 /* Assets.xcassets */ = {isa = PBXFileReference; lastKnownFileType = folder.assetcatalog; path = Assets.xcassets; sourceTree = "<group>"; };
		7E7D03A2296CD0D800950592 /* gpt_chatbot.entitlements */ = {isa = PBXFileReference; lastKnownFileType = text.plist.entitlements; path = gpt_chatbot.entitlements; sourceTree = "<group>"; };
		7E7D03A4296CD0D800950592 /* Preview Assets.xcassets */ = {isa = PBXFileReference; lastKnownFileType = folder.assetcatalog; path = "Preview Assets.xcassets"; sourceTree = "<group>"; };
		7E7D03AF296CD18D00950592 /* Constants.swift */ = {isa = PBXFileReference; lastKnownFileType = sourcecode.swift; path = Constants.swift; sourceTree = "<group>"; };
		7E7D03B1296CD20A00950592 /* MainView.swift */ = {isa = PBXFileReference; lastKnownFileType = sourcecode.swift; path = MainView.swift; sourceTree = "<group>"; };
		7E7D03B3296CD23300950592 /* AppDelegate.swift */ = {isa = PBXFileReference; lastKnownFileType = sourcecode.swift; path = AppDelegate.swift; sourceTree = "<group>"; };
		7E7D03B5296CD2C600950592 /* Header.swift */ = {isa = PBXFileReference; lastKnownFileType = sourcecode.swift; path = Header.swift; sourceTree = "<group>"; };
		7E7D03B7296CD2D900950592 /* ApiKeyInputField.swift */ = {isa = PBXFileReference; lastKnownFileType = sourcecode.swift; path = ApiKeyInputField.swift; sourceTree = "<group>"; };
		7E7D03B9296CD2EA00950592 /* QuestionInputField.swift */ = {isa = PBXFileReference; lastKnownFileType = sourcecode.swift; path = QuestionInputField.swift; sourceTree = "<group>"; };
		7E7D03BB296CD2FD00950592 /* MessageArea.swift */ = {isa = PBXFileReference; lastKnownFileType = sourcecode.swift; path = MessageArea.swift; sourceTree = "<group>"; };
		7E7D03C1296CD38400950592 /* MessageEntity+CoreDataClass.swift */ = {isa = PBXFileReference; lastKnownFileType = sourcecode.swift; path = "MessageEntity+CoreDataClass.swift"; sourceTree = "<group>"; };
		7E7D03C2296CD38400950592 /* MessageEntity+CoreDataProperties.swift */ = {isa = PBXFileReference; lastKnownFileType = sourcecode.swift; path = "MessageEntity+CoreDataProperties.swift"; sourceTree = "<group>"; };
		7E7D03C5296CD3A000950592 /* SenderType.swift */ = {isa = PBXFileReference; lastKnownFileType = sourcecode.swift; path = SenderType.swift; sourceTree = "<group>"; };
		7E7D03C7296CD43500950592 /* ApiKeyViewModel.swift */ = {isa = PBXFileReference; lastKnownFileType = sourcecode.swift; path = ApiKeyViewModel.swift; sourceTree = "<group>"; };
		7E7D03CA296CD45800950592 /* OpenAiService.swift */ = {isa = PBXFileReference; lastKnownFileType = sourcecode.swift; path = OpenAiService.swift; sourceTree = "<group>"; };
		7E7D03CC296CD48F00950592 /* ApiKeyModel.swift */ = {isa = PBXFileReference; lastKnownFileType = sourcecode.swift; path = ApiKeyModel.swift; sourceTree = "<group>"; };
		7E7D03CE296CD4FA00950592 /* MessageViewModel.swift */ = {isa = PBXFileReference; lastKnownFileType = sourcecode.swift; path = MessageViewModel.swift; sourceTree = "<group>"; };
		7E7D03D0296CD52700950592 /* MessageModel.swift */ = {isa = PBXFileReference; lastKnownFileType = sourcecode.swift; path = MessageModel.swift; sourceTree = "<group>"; };
		7E7D03D2296CFA8900950592 /* NSTextView+Extension.swift */ = {isa = PBXFileReference; lastKnownFileType = sourcecode.swift; path = "NSTextView+Extension.swift"; sourceTree = "<group>"; };
		7E7D03D6296D038B00950592 /* .swift-version */ = {isa = PBXFileReference; lastKnownFileType = text; path = ".swift-version"; sourceTree = "<group>"; };
/* End PBXFileReference section */

/* Begin PBXFrameworksBuildPhase section */
		7E7D0391296CD0D700950592 /* Frameworks */ = {
			isa = PBXFrameworksBuildPhase;
			buildActionMask = 2147483647;
			files = (
			);
			runOnlyForDeploymentPostprocessing = 0;
		};
/* End PBXFrameworksBuildPhase section */

/* Begin PBXGroup section */
		7E7D038B296CD0D700950592 = {
			isa = PBXGroup;
			children = (
				7E7D03D6296D038B00950592 /* .swift-version */,
				7E7D0396296CD0D700950592 /* gpt-chatbot */,
				7E7D0395296CD0D700950592 /* Products */,
			);
			sourceTree = "<group>";
		};
		7E7D0395296CD0D700950592 /* Products */ = {
			isa = PBXGroup;
			children = (
				7E7D0394296CD0D700950592 /* gpt-chatbot.app */,
			);
			name = Products;
			sourceTree = "<group>";
		};
		7E7D0396296CD0D700950592 /* gpt-chatbot */ = {
			isa = PBXGroup;
			children = (
				7E7D03C9296CD44B00950592 /* Service */,
				7E7D03AD296CD16A00950592 /* Model */,
				7E7D03AC296CD13A00950592 /* ViewModel */,
				7E7D03AB296CD13200950592 /* Component */,
				7E7D0397296CD0D700950592 /* MainApp.swift */,
				7E7D03B1296CD20A00950592 /* MainView.swift */,
				7E7D0399296CD0D700950592 /* Persistence.swift */,
				7E7D03B3296CD23300950592 /* AppDelegate.swift */,
				7E7D03AF296CD18D00950592 /* Constants.swift */,
				7E7D03A0296CD0D800950592 /* Assets.xcassets */,
				7E7D03A2296CD0D800950592 /* gpt_chatbot.entitlements */,
				7E7D039B296CD0D700950592 /* gpt_chatbot.xcdatamodeld */,
				7E7D03A3296CD0D800950592 /* Preview Content */,
			);
			path = "gpt-chatbot";
			sourceTree = "<group>";
		};
		7E7D03A3296CD0D800950592 /* Preview Content */ = {
			isa = PBXGroup;
			children = (
				7E7D03A4296CD0D800950592 /* Preview Assets.xcassets */,
			);
			path = "Preview Content";
			sourceTree = "<group>";
		};
		7E7D03AB296CD13200950592 /* Component */ = {
			isa = PBXGroup;
			children = (
				7E7D03B5296CD2C600950592 /* Header.swift */,
				7E7D03B7296CD2D900950592 /* ApiKeyInputField.swift */,
				7E7D03B9296CD2EA00950592 /* QuestionInputField.swift */,
				7E7D03BB296CD2FD00950592 /* MessageArea.swift */,
				7E7D03D2296CFA8900950592 /* NSTextView+Extension.swift */,
			);
			path = Component;
			sourceTree = "<group>";
		};
		7E7D03AC296CD13A00950592 /* ViewModel */ = {
			isa = PBXGroup;
			children = (
				7E7D03C7296CD43500950592 /* ApiKeyViewModel.swift */,
				7E7D03CE296CD4FA00950592 /* MessageViewModel.swift */,
			);
			path = ViewModel;
			sourceTree = "<group>";
		};
		7E7D03AD296CD16A00950592 /* Model */ = {
			isa = PBXGroup;
			children = (
				7E7D03C1296CD38400950592 /* MessageEntity+CoreDataClass.swift */,
				7E7D03C2296CD38400950592 /* MessageEntity+CoreDataProperties.swift */,
				7E7D03C5296CD3A000950592 /* SenderType.swift */,
				7E7D03CC296CD48F00950592 /* ApiKeyModel.swift */,
				7E7D03D0296CD52700950592 /* MessageModel.swift */,
			);
			path = Model;
			sourceTree = "<group>";
		};
		7E7D03C9296CD44B00950592 /* Service */ = {
			isa = PBXGroup;
			children = (
				7E7D03CA296CD45800950592 /* OpenAiService.swift */,
			);
			path = Service;
			sourceTree = "<group>";
		};
/* End PBXGroup section */

/* Begin PBXNativeTarget section */
		7E7D0393296CD0D700950592 /* gpt-chatbot */ = {
			isa = PBXNativeTarget;
			buildConfigurationList = 7E7D03A8296CD0D800950592 /* Build configuration list for PBXNativeTarget "gpt-chatbot" */;
			buildPhases = (
				7E7D0390296CD0D700950592 /* Sources */,
				7E7D0391296CD0D700950592 /* Frameworks */,
				7E7D0392296CD0D700950592 /* Resources */,
				7E7D03D4296D030800950592 /* SwiftFormat */,
				7E7D03D5296D031C00950592 /* SwiftLint */,
			);
			buildRules = (
			);
			dependencies = (
			);
			name = "gpt-chatbot";
			productName = "gpt-chatbot";
			productReference = 7E7D0394296CD0D700950592 /* gpt-chatbot.app */;
			productType = "com.apple.product-type.application";
		};
/* End PBXNativeTarget section */

/* Begin PBXProject section */
		7E7D038C296CD0D700950592 /* Project object */ = {
			isa = PBXProject;
			attributes = {
				BuildIndependentTargetsInParallel = 1;
				LastSwiftUpdateCheck = 1420;
				LastUpgradeCheck = 1420;
				TargetAttributes = {
					7E7D0393296CD0D700950592 = {
						CreatedOnToolsVersion = 14.2;
					};
				};
			};
			buildConfigurationList = 7E7D038F296CD0D700950592 /* Build configuration list for PBXProject "gpt-chatbot" */;
			compatibilityVersion = "Xcode 14.0";
			developmentRegion = en;
			hasScannedForEncodings = 0;
			knownRegions = (
				en,
				Base,
			);
			mainGroup = 7E7D038B296CD0D700950592;
			productRefGroup = 7E7D0395296CD0D700950592 /* Products */;
			projectDirPath = "";
			projectRoot = "";
			targets = (
				7E7D0393296CD0D700950592 /* gpt-chatbot */,
			);
		};
/* End PBXProject section */

/* Begin PBXResourcesBuildPhase section */
		7E7D0392296CD0D700950592 /* Resources */ = {
			isa = PBXResourcesBuildPhase;
			buildActionMask = 2147483647;
			files = (
				7E7D03A5296CD0D800950592 /* Preview Assets.xcassets in Resources */,
				7E7D03D7296D038B00950592 /* .swift-version in Resources */,
				7E7D03A1296CD0D800950592 /* Assets.xcassets in Resources */,
			);
			runOnlyForDeploymentPostprocessing = 0;
		};
/* End PBXResourcesBuildPhase section */

/* Begin PBXShellScriptBuildPhase section */
		7E7D03D4296D030800950592 /* SwiftFormat */ = {
			isa = PBXShellScriptBuildPhase;
			alwaysOutOfDate = 1;
			buildActionMask = 2147483647;
			files = (
			);
			inputFileListPaths = (
			);
			inputPaths = (
			);
			name = SwiftFormat;
			outputFileListPaths = (
			);
			outputPaths = (
			);
			runOnlyForDeploymentPostprocessing = 0;
			shellPath = /bin/sh;
			shellScript = "export PATH=\"$PATH:/opt/homebrew/bin\"\nif which swiftformat >/dev/null; then\n  swiftformat .\nelse\n  echo \"warning: SwiftFormat not installed, download from https://github.com/nicklockwood/SwiftFormat\"\nfi\n";
		};
		7E7D03D5296D031C00950592 /* SwiftLint */ = {
			isa = PBXShellScriptBuildPhase;
			alwaysOutOfDate = 1;
			buildActionMask = 2147483647;
			files = (
			);
			inputFileListPaths = (
			);
			inputPaths = (
			);
			name = SwiftLint;
			outputFileListPaths = (
			);
			outputPaths = (
			);
			runOnlyForDeploymentPostprocessing = 0;
			shellPath = /bin/sh;
			shellScript = "export PATH=\"$PATH:/opt/homebrew/bin\"\nif which swiftlint > /dev/null; then\n  swiftlint\nelse\n  echo \"warning: SwiftLint not installed, download from https://github.com/realm/SwiftLint\"\nfi\n";
		};
/* End PBXShellScriptBuildPhase section */

/* Begin PBXSourcesBuildPhase section */
		7E7D0390296CD0D700950592 /* Sources */ = {
			isa = PBXSourcesBuildPhase;
			buildActionMask = 2147483647;
			files = (
				7E7D03BC296CD2FD00950592 /* MessageArea.swift in Sources */,
				7E7D03B6296CD2C600950592 /* Header.swift in Sources */,
				7E7D03C3296CD38400950592 /* MessageEntity+CoreDataClass.swift in Sources */,
				7E7D03C4296CD38400950592 /* MessageEntity+CoreDataProperties.swift in Sources */,
				7E7D03B0296CD18D00950592 /* Constants.swift in Sources */,
				7E7D03B2296CD20A00950592 /* MainView.swift in Sources */,
				7E7D03C8296CD43500950592 /* ApiKeyViewModel.swift in Sources */,
				7E7D0398296CD0D700950592 /* MainApp.swift in Sources */,
				7E7D039A296CD0D700950592 /* Persistence.swift in Sources */,
				7E7D03BA296CD2EA00950592 /* QuestionInputField.swift in Sources */,
				7E7D03CF296CD4FA00950592 /* MessageViewModel.swift in Sources */,
				7E7D03CD296CD48F00950592 /* ApiKeyModel.swift in Sources */,
				7E7D03D1296CD52700950592 /* MessageModel.swift in Sources */,
				7E7D03B8296CD2D900950592 /* ApiKeyInputField.swift in Sources */,
				7E7D03CB296CD45800950592 /* OpenAiService.swift in Sources */,
				7E7D03C6296CD3A000950592 /* SenderType.swift in Sources */,
				7E7D03D3296CFA8900950592 /* NSTextView+Extension.swift in Sources */,
				7E7D03B4296CD23300950592 /* AppDelegate.swift in Sources */,
				7E7D039D296CD0D700950592 /* gpt_chatbot.xcdatamodeld in Sources */,
			);
			runOnlyForDeploymentPostprocessing = 0;
		};
/* End PBXSourcesBuildPhase section */

/* Begin XCBuildConfiguration section */
		7E7D03A6296CD0D800950592 /* Debug */ = {
			isa = XCBuildConfiguration;
			buildSettings = {
				ALWAYS_SEARCH_USER_PATHS = NO;
				CLANG_ANALYZER_NONNULL = YES;
				CLANG_ANALYZER_NUMBER_OBJECT_CONVERSION = YES_AGGRESSIVE;
				CLANG_CXX_LANGUAGE_STANDARD = "gnu++20";
				CLANG_ENABLE_MODULES = YES;
				CLANG_ENABLE_OBJC_ARC = YES;
				CLANG_ENABLE_OBJC_WEAK = YES;
				CLANG_WARN_BLOCK_CAPTURE_AUTORELEASING = YES;
				CLANG_WARN_BOOL_CONVERSION = YES;
				CLANG_WARN_COMMA = YES;
				CLANG_WARN_CONSTANT_CONVERSION = YES;
				CLANG_WARN_DEPRECATED_OBJC_IMPLEMENTATIONS = YES;
				CLANG_WARN_DIRECT_OBJC_ISA_USAGE = YES_ERROR;
				CLANG_WARN_DOCUMENTATION_COMMENTS = YES;
				CLANG_WARN_EMPTY_BODY = YES;
				CLANG_WARN_ENUM_CONVERSION = YES;
				CLANG_WARN_INFINITE_RECURSION = YES;
				CLANG_WARN_INT_CONVERSION = YES;
				CLANG_WARN_NON_LITERAL_NULL_CONVERSION = YES;
				CLANG_WARN_OBJC_IMPLICIT_RETAIN_SELF = YES;
				CLANG_WARN_OBJC_LITERAL_CONVERSION = YES;
				CLANG_WARN_OBJC_ROOT_CLASS = YES_ERROR;
				CLANG_WARN_QUOTED_INCLUDE_IN_FRAMEWORK_HEADER = YES;
				CLANG_WARN_RANGE_LOOP_ANALYSIS = YES;
				CLANG_WARN_STRICT_PROTOTYPES = YES;
				CLANG_WARN_SUSPICIOUS_MOVE = YES;
				CLANG_WARN_UNGUARDED_AVAILABILITY = YES_AGGRESSIVE;
				CLANG_WARN_UNREACHABLE_CODE = YES;
				CLANG_WARN__DUPLICATE_METHOD_MATCH = YES;
				COPY_PHASE_STRIP = NO;
				DEBUG_INFORMATION_FORMAT = dwarf;
				ENABLE_STRICT_OBJC_MSGSEND = YES;
				ENABLE_TESTABILITY = YES;
				GCC_C_LANGUAGE_STANDARD = gnu11;
				GCC_DYNAMIC_NO_PIC = NO;
				GCC_NO_COMMON_BLOCKS = YES;
				GCC_OPTIMIZATION_LEVEL = 0;
				GCC_PREPROCESSOR_DEFINITIONS = (
					"DEBUG=1",
					"$(inherited)",
				);
				GCC_WARN_64_TO_32_BIT_CONVERSION = YES;
				GCC_WARN_ABOUT_RETURN_TYPE = YES_ERROR;
				GCC_WARN_UNDECLARED_SELECTOR = YES;
				GCC_WARN_UNINITIALIZED_AUTOS = YES_AGGRESSIVE;
				GCC_WARN_UNUSED_FUNCTION = YES;
				GCC_WARN_UNUSED_VARIABLE = YES;
				MTL_ENABLE_DEBUG_INFO = INCLUDE_SOURCE;
				MTL_FAST_MATH = YES;
				ONLY_ACTIVE_ARCH = YES;
				SWIFT_ACTIVE_COMPILATION_CONDITIONS = DEBUG;
				SWIFT_OPTIMIZATION_LEVEL = "-Onone";
			};
			name = Debug;
		};
		7E7D03A7296CD0D800950592 /* Release */ = {
			isa = XCBuildConfiguration;
			buildSettings = {
				ALWAYS_SEARCH_USER_PATHS = NO;
				CLANG_ANALYZER_NONNULL = YES;
				CLANG_ANALYZER_NUMBER_OBJECT_CONVERSION = YES_AGGRESSIVE;
				CLANG_CXX_LANGUAGE_STANDARD = "gnu++20";
				CLANG_ENABLE_MODULES = YES;
				CLANG_ENABLE_OBJC_ARC = YES;
				CLANG_ENABLE_OBJC_WEAK = YES;
				CLANG_WARN_BLOCK_CAPTURE_AUTORELEASING = YES;
				CLANG_WARN_BOOL_CONVERSION = YES;
				CLANG_WARN_COMMA = YES;
				CLANG_WARN_CONSTANT_CONVERSION = YES;
				CLANG_WARN_DEPRECATED_OBJC_IMPLEMENTATIONS = YES;
				CLANG_WARN_DIRECT_OBJC_ISA_USAGE = YES_ERROR;
				CLANG_WARN_DOCUMENTATION_COMMENTS = YES;
				CLANG_WARN_EMPTY_BODY = YES;
				CLANG_WARN_ENUM_CONVERSION = YES;
				CLANG_WARN_INFINITE_RECURSION = YES;
				CLANG_WARN_INT_CONVERSION = YES;
				CLANG_WARN_NON_LITERAL_NULL_CONVERSION = YES;
				CLANG_WARN_OBJC_IMPLICIT_RETAIN_SELF = YES;
				CLANG_WARN_OBJC_LITERAL_CONVERSION = YES;
				CLANG_WARN_OBJC_ROOT_CLASS = YES_ERROR;
				CLANG_WARN_QUOTED_INCLUDE_IN_FRAMEWORK_HEADER = YES;
				CLANG_WARN_RANGE_LOOP_ANALYSIS = YES;
				CLANG_WARN_STRICT_PROTOTYPES = YES;
				CLANG_WARN_SUSPICIOUS_MOVE = YES;
				CLANG_WARN_UNGUARDED_AVAILABILITY = YES_AGGRESSIVE;
				CLANG_WARN_UNREACHABLE_CODE = YES;
				CLANG_WARN__DUPLICATE_METHOD_MATCH = YES;
				COPY_PHASE_STRIP = NO;
				DEBUG_INFORMATION_FORMAT = "dwarf-with-dsym";
				ENABLE_NS_ASSERTIONS = NO;
				ENABLE_STRICT_OBJC_MSGSEND = YES;
				GCC_C_LANGUAGE_STANDARD = gnu11;
				GCC_NO_COMMON_BLOCKS = YES;
				GCC_WARN_64_TO_32_BIT_CONVERSION = YES;
				GCC_WARN_ABOUT_RETURN_TYPE = YES_ERROR;
				GCC_WARN_UNDECLARED_SELECTOR = YES;
				GCC_WARN_UNINITIALIZED_AUTOS = YES_AGGRESSIVE;
				GCC_WARN_UNUSED_FUNCTION = YES;
				GCC_WARN_UNUSED_VARIABLE = YES;
				MTL_ENABLE_DEBUG_INFO = NO;
				MTL_FAST_MATH = YES;
				SWIFT_COMPILATION_MODE = wholemodule;
				SWIFT_OPTIMIZATION_LEVEL = "-O";
			};
			name = Release;
		};
		7E7D03A9296CD0D800950592 /* Debug */ = {
			isa = XCBuildConfiguration;
			buildSettings = {
				ASSETCATALOG_COMPILER_APPICON_NAME = AppIcon;
				ASSETCATALOG_COMPILER_GLOBAL_ACCENT_COLOR_NAME = AccentColor;
				CODE_SIGN_ENTITLEMENTS = "gpt-chatbot/gpt_chatbot.entitlements";
				CODE_SIGN_STYLE = Automatic;
				CURRENT_PROJECT_VERSION = 1;
				DEVELOPMENT_ASSET_PATHS = "\"gpt-chatbot/Preview Content\"";
				DEVELOPMENT_TEAM = 6542K84788;
				ENABLE_HARDENED_RUNTIME = YES;
				ENABLE_PREVIEWS = YES;
				GENERATE_INFOPLIST_FILE = YES;
				"INFOPLIST_KEY_UIApplicationSceneManifest_Generation[sdk=iphoneos*]" = YES;
				"INFOPLIST_KEY_UIApplicationSceneManifest_Generation[sdk=iphonesimulator*]" = YES;
				"INFOPLIST_KEY_UIApplicationSupportsIndirectInputEvents[sdk=iphoneos*]" = YES;
				"INFOPLIST_KEY_UIApplicationSupportsIndirectInputEvents[sdk=iphonesimulator*]" = YES;
				"INFOPLIST_KEY_UILaunchScreen_Generation[sdk=iphoneos*]" = YES;
				"INFOPLIST_KEY_UILaunchScreen_Generation[sdk=iphonesimulator*]" = YES;
				"INFOPLIST_KEY_UIStatusBarStyle[sdk=iphoneos*]" = UIStatusBarStyleDefault;
				"INFOPLIST_KEY_UIStatusBarStyle[sdk=iphonesimulator*]" = UIStatusBarStyleDefault;
				INFOPLIST_KEY_UISupportedInterfaceOrientations_iPad = "UIInterfaceOrientationPortrait UIInterfaceOrientationPortraitUpsideDown UIInterfaceOrientationLandscapeLeft UIInterfaceOrientationLandscapeRight";
				INFOPLIST_KEY_UISupportedInterfaceOrientations_iPhone = "UIInterfaceOrientationPortrait UIInterfaceOrientationLandscapeLeft UIInterfaceOrientationLandscapeRight";
				IPHONEOS_DEPLOYMENT_TARGET = 16.2;
				LD_RUNPATH_SEARCH_PATHS = "@executable_path/Frameworks";
				"LD_RUNPATH_SEARCH_PATHS[sdk=macosx*]" = "@executable_path/../Frameworks";
				MACOSX_DEPLOYMENT_TARGET = 13.0;
				MARKETING_VERSION = 1.0;
				PRODUCT_BUNDLE_IDENTIFIER = "dev.gooo.gpt-chatbot";
				PRODUCT_NAME = "$(TARGET_NAME)";
				SDKROOT = auto;
				SUPPORTED_PLATFORMS = macosx;
				SUPPORTS_MACCATALYST = NO;
				SUPPORTS_MAC_DESIGNED_FOR_IPHONE_IPAD = NO;
				SWIFT_EMIT_LOC_STRINGS = YES;
				SWIFT_VERSION = 5.0;
			};
			name = Debug;
		};
		7E7D03AA296CD0D800950592 /* Release */ = {
			isa = XCBuildConfiguration;
			buildSettings = {
				ASSETCATALOG_COMPILER_APPICON_NAME = AppIcon;
				ASSETCATALOG_COMPILER_GLOBAL_ACCENT_COLOR_NAME = AccentColor;
				CODE_SIGN_ENTITLEMENTS = "gpt-chatbot/gpt_chatbot.entitlements";
				CODE_SIGN_STYLE = Automatic;
				CURRENT_PROJECT_VERSION = 1;
				DEVELOPMENT_ASSET_PATHS = "\"gpt-chatbot/Preview Content\"";
				DEVELOPMENT_TEAM = 6542K84788;
				ENABLE_HARDENED_RUNTIME = YES;
				ENABLE_PREVIEWS = YES;
				GENERATE_INFOPLIST_FILE = YES;
				"INFOPLIST_KEY_UIApplicationSceneManifest_Generation[sdk=iphoneos*]" = YES;
				"INFOPLIST_KEY_UIApplicationSceneManifest_Generation[sdk=iphonesimulator*]" = YES;
				"INFOPLIST_KEY_UIApplicationSupportsIndirectInputEvents[sdk=iphoneos*]" = YES;
				"INFOPLIST_KEY_UIApplicationSupportsIndirectInputEvents[sdk=iphonesimulator*]" = YES;
				"INFOPLIST_KEY_UILaunchScreen_Generation[sdk=iphoneos*]" = YES;
				"INFOPLIST_KEY_UILaunchScreen_Generation[sdk=iphonesimulator*]" = YES;
				"INFOPLIST_KEY_UIStatusBarStyle[sdk=iphoneos*]" = UIStatusBarStyleDefault;
				"INFOPLIST_KEY_UIStatusBarStyle[sdk=iphonesimulator*]" = UIStatusBarStyleDefault;
				INFOPLIST_KEY_UISupportedInterfaceOrientations_iPad = "UIInterfaceOrientationPortrait UIInterfaceOrientationPortraitUpsideDown UIInterfaceOrientationLandscapeLeft UIInterfaceOrientationLandscapeRight";
				INFOPLIST_KEY_UISupportedInterfaceOrientations_iPhone = "UIInterfaceOrientationPortrait UIInterfaceOrientationLandscapeLeft UIInterfaceOrientationLandscapeRight";
				IPHONEOS_DEPLOYMENT_TARGET = 16.2;
				LD_RUNPATH_SEARCH_PATHS = "@executable_path/Frameworks";
				"LD_RUNPATH_SEARCH_PATHS[sdk=macosx*]" = "@executable_path/../Frameworks";
				MACOSX_DEPLOYMENT_TARGET = 13.0;
				MARKETING_VERSION = 1.0;
				PRODUCT_BUNDLE_IDENTIFIER = "dev.gooo.gpt-chatbot";
				PRODUCT_NAME = "$(TARGET_NAME)";
				SDKROOT = auto;
				SUPPORTED_PLATFORMS = macosx;
				SUPPORTS_MACCATALYST = NO;
				SUPPORTS_MAC_DESIGNED_FOR_IPHONE_IPAD = NO;
				SWIFT_EMIT_LOC_STRINGS = YES;
				SWIFT_VERSION = 5.0;
			};
			name = Release;
		};
/* End XCBuildConfiguration section */

/* Begin XCConfigurationList section */
		7E7D038F296CD0D700950592 /* Build configuration list for PBXProject "gpt-chatbot" */ = {
			isa = XCConfigurationList;
			buildConfigurations = (
				7E7D03A6296CD0D800950592 /* Debug */,
				7E7D03A7296CD0D800950592 /* Release */,
			);
			defaultConfigurationIsVisible = 0;
			defaultConfigurationName = Release;
		};
		7E7D03A8296CD0D800950592 /* Build configuration list for PBXNativeTarget "gpt-chatbot" */ = {
			isa = XCConfigurationList;
			buildConfigurations = (
				7E7D03A9296CD0D800950592 /* Debug */,
				7E7D03AA296CD0D800950592 /* Release */,
			);
			defaultConfigurationIsVisible = 0;
			defaultConfigurationName = Release;
		};
/* End XCConfigurationList section */

/* Begin XCVersionGroup section */
		7E7D039B296CD0D700950592 /* gpt_chatbot.xcdatamodeld */ = {
			isa = XCVersionGroup;
			children = (
				7E7D039C296CD0D700950592 /* gpt_chatbot.xcdatamodel */,
			);
			currentVersion = 7E7D039C296CD0D700950592 /* gpt_chatbot.xcdatamodel */;
			path = gpt_chatbot.xcdatamodeld;
			sourceTree = "<group>";
			versionGroupType = wrapper.xcdatamodel;
		};
/* End XCVersionGroup section */
	};
	rootObject = 7E7D038C296CD0D700950592 /* Project object */;
}
